// !$*UTF8*$!
{
	archiveVersion = 1;
	classes = {
	};
	objectVersion = 50;
	objects = {

/* Begin PBXBuildFile section */
		090B46E823347F5300EB7E0F /* AppDelegate.swift in Sources */ = {isa = PBXBuildFile; fileRef = 090B46E723347F5300EB7E0F /* AppDelegate.swift */; };
		090B46EA23347F5300EB7E0F /* ViewController.swift in Sources */ = {isa = PBXBuildFile; fileRef = 090B46E923347F5300EB7E0F /* ViewController.swift */; };
		090B46ED23347F5300EB7E0F /* Main.storyboard in Resources */ = {isa = PBXBuildFile; fileRef = 090B46EB23347F5300EB7E0F /* Main.storyboard */; };
		090B46EF23347F5400EB7E0F /* Assets.xcassets in Resources */ = {isa = PBXBuildFile; fileRef = 090B46EE23347F5400EB7E0F /* Assets.xcassets */; };
		090B46F223347F5400EB7E0F /* LaunchScreen.storyboard in Resources */ = {isa = PBXBuildFile; fileRef = 090B46F023347F5400EB7E0F /* LaunchScreen.storyboard */; };
		090B46FD23347FF800EB7E0F /* Localizable.strings in Resources */ = {isa = PBXBuildFile; fileRef = 090B46FF23347FF800EB7E0F /* Localizable.strings */; };
		090B4705233480D000EB7E0F /* Main.strings in Resources */ = {isa = PBXBuildFile; fileRef = 090B4703233480D000EB7E0F /* Main.strings */; };
/* End PBXBuildFile section */

/* Begin PBXFileReference section */
		090B46E423347F5300EB7E0F /* TestLanguage.app */ = {isa = PBXFileReference; explicitFileType = wrapper.application; includeInIndex = 0; path = TestLanguage.app; sourceTree = BUILT_PRODUCTS_DIR; };
		090B46E723347F5300EB7E0F /* AppDelegate.swift */ = {isa = PBXFileReference; lastKnownFileType = sourcecode.swift; path = AppDelegate.swift; sourceTree = "<group>"; };
		090B46E923347F5300EB7E0F /* ViewController.swift */ = {isa = PBXFileReference; lastKnownFileType = sourcecode.swift; path = ViewController.swift; sourceTree = "<group>"; };
		090B46EE23347F5400EB7E0F /* Assets.xcassets */ = {isa = PBXFileReference; lastKnownFileType = folder.assetcatalog; path = Assets.xcassets; sourceTree = "<group>"; };
		090B46F323347F5400EB7E0F /* Info.plist */ = {isa = PBXFileReference; lastKnownFileType = text.plist.xml; path = Info.plist; sourceTree = "<group>"; };
		090B46FE23347FF800EB7E0F /* en */ = {isa = PBXFileReference; lastKnownFileType = text.plist.strings; name = en; path = en.lproj/Localizable.strings; sourceTree = "<group>"; };
		090B47012334804900EB7E0F /* vi */ = {isa = PBXFileReference; lastKnownFileType = text.plist.strings; name = vi; path = vi.lproj/Localizable.strings; sourceTree = "<group>"; };
		090B4704233480D000EB7E0F /* vi */ = {isa = PBXFileReference; lastKnownFileType = text.plist.strings; name = vi; path = vi.lproj/Main.strings; sourceTree = "<group>"; };
		090B4706233480E400EB7E0F /* en */ = {isa = PBXFileReference; lastKnownFileType = file.storyboard; name = en; path = en.lproj/Main.storyboard; sourceTree = "<group>"; };
		090B47072334812000EB7E0F /* vi */ = {isa = PBXFileReference; lastKnownFileType = file.storyboard; name = vi; path = vi.lproj/LaunchScreen.storyboard; sourceTree = "<group>"; };
/* End PBXFileReference section */

/* Begin PBXFrameworksBuildPhase section */
		090B46E123347F5300EB7E0F /* Frameworks */ = {
			isa = PBXFrameworksBuildPhase;
			buildActionMask = 2147483647;
			files = (
			);
			runOnlyForDeploymentPostprocessing = 0;
		};
/* End PBXFrameworksBuildPhase section */

/* Begin PBXGroup section */
		090B46DB23347F5300EB7E0F = {
			isa = PBXGroup;
			children = (
				090B46E623347F5300EB7E0F /* TestLanguage */,
				090B46E523347F5300EB7E0F /* Products */,
			);
			sourceTree = "<group>";
		};
		090B46E523347F5300EB7E0F /* Products */ = {
			isa = PBXGroup;
			children = (
				090B46E423347F5300EB7E0F /* TestLanguage.app */,
			);
			name = Products;
			sourceTree = "<group>";
		};
		090B46E623347F5300EB7E0F /* TestLanguage */ = {
			isa = PBXGroup;
			children = (
				090B46E723347F5300EB7E0F /* AppDelegate.swift */,
				090B46E923347F5300EB7E0F /* ViewController.swift */,
				090B4703233480D000EB7E0F /* Main.strings */,
				090B46EB23347F5300EB7E0F /* Main.storyboard */,
				090B46FF23347FF800EB7E0F /* Localizable.strings */,
				090B46EE23347F5400EB7E0F /* Assets.xcassets */,
				090B46F023347F5400EB7E0F /* LaunchScreen.storyboard */,
				090B46F323347F5400EB7E0F /* Info.plist */,
			);
			path = TestLanguage;
			sourceTree = "<group>";
		};
/* End PBXGroup section */

/* Begin PBXNativeTarget section */
		090B46E323347F5300EB7E0F /* TestLanguage */ = {
			isa = PBXNativeTarget;
			buildConfigurationList = 090B46F623347F5400EB7E0F /* Build configuration list for PBXNativeTarget "TestLanguage" */;
			buildPhases = (
				090B46E023347F5300EB7E0F /* Sources */,
				090B46E123347F5300EB7E0F /* Frameworks */,
				090B46E223347F5300EB7E0F /* Resources */,
			);
			buildRules = (
			);
			dependencies = (
			);
			name = TestLanguage;
			productName = TestLanguage;
			productReference = 090B46E423347F5300EB7E0F /* TestLanguage.app */;
			productType = "com.apple.product-type.application";
		};
/* End PBXNativeTarget section */

/* Begin PBXProject section */
		090B46DC23347F5300EB7E0F /* Project object */ = {
			isa = PBXProject;
			attributes = {
				LastSwiftUpdateCheck = 1010;
				LastUpgradeCheck = 1010;
				ORGANIZATIONNAME = encodejsc;
				TargetAttributes = {
					090B46E323347F5300EB7E0F = {
						CreatedOnToolsVersion = 10.1;
					};
				};
			};
			buildConfigurationList = 090B46DF23347F5300EB7E0F /* Build configuration list for PBXProject "TestLanguage" */;
			compatibilityVersion = "Xcode 9.3";
			developmentRegion = en;
			hasScannedForEncodings = 0;
			knownRegions = (
				en,
				vi,
			);
			mainGroup = 090B46DB23347F5300EB7E0F;
			productRefGroup = 090B46E523347F5300EB7E0F /* Products */;
			projectDirPath = "";
			projectRoot = "";
			targets = (
				090B46E323347F5300EB7E0F /* TestLanguage */,
			);
		};
/* End PBXProject section */

/* Begin PBXResourcesBuildPhase section */
		090B46E223347F5300EB7E0F /* Resources */ = {
			isa = PBXResourcesBuildPhase;
			buildActionMask = 2147483647;
			files = (
				090B46F223347F5400EB7E0F /* LaunchScreen.storyboard in Resources */,
				090B46FD23347FF800EB7E0F /* Localizable.strings in Resources */,
				090B46EF23347F5400EB7E0F /* Assets.xcassets in Resources */,
				090B46ED23347F5300EB7E0F /* Main.storyboard in Resources */,
				090B4705233480D000EB7E0F /* Main.strings in Resources */,
			);
			runOnlyForDeploymentPostprocessing = 0;
		};
/* End PBXResourcesBuildPhase section */

/* Begin PBXSourcesBuildPhase section */
		090B46E023347F5300EB7E0F /* Sources */ = {
			isa = PBXSourcesBuildPhase;
			buildActionMask = 2147483647;
			files = (
				090B46EA23347F5300EB7E0F /* ViewController.swift in Sources */,
				090B46E823347F5300EB7E0F /* AppDelegate.swift in Sources */,
			);
			runOnlyForDeploymentPostprocessing = 0;
		};
/* End PBXSourcesBuildPhase section */

/* Begin PBXVariantGroup section */
		090B46EB23347F5300EB7E0F /* Main.storyboard */ = {
			isa = PBXVariantGroup;
			children = (
				090B4706233480E400EB7E0F /* en */,
			);
			name = Main.storyboard;
			sourceTree = "<group>";
		};
		090B46F023347F5400EB7E0F /* LaunchScreen.storyboard */ = {
			isa = PBXVariantGroup;
			children = (
				090B47072334812000EB7E0F /* vi */,
			);
			name = LaunchScreen.storyboard;
			sourceTree = "<group>";
		};
		090B46FF23347FF800EB7E0F /* Localizable.strings */ = {
			isa = PBXVariantGroup;
			children = (
				090B46FE23347FF800EB7E0F /* en */,
				090B47012334804900EB7E0F /* vi */,
			);
			name = Localizable.strings;
			sourceTree = "<group>";
		};
		090B4703233480D000EB7E0F /* Main.strings */ = {
			isa = PBXVariantGroup;
			children = (
				090B4704233480D000EB7E0F /* vi */,
			);
			name = Main.strings;
			sourceTree = "<group>";
		};
/* End PBXVariantGroup section */

/* Begin XCBuildConfiguration section */
		090B46F423347F5400EB7E0F /* Debug */ = {
			isa = XCBuildConfiguration;
			buildSettings = {
				ALWAYS_SEARCH_USER_PATHS = NO;
				CLANG_ANALYZER_LOCALIZABILITY_NONLOCALIZED = YES;
				CLANG_ANALYZER_NONNULL = YES;
				CLANG_ANALYZER_NUMBER_OBJECT_CONVERSION = YES_AGGRESSIVE;
				CLANG_CXX_LANGUAGE_STANDARD = "gnu++14";
				CLANG_CXX_LIBRARY = "libc++";
				CLANG_ENABLE_MODULES = YES;
				CLANG_ENABLE_OBJC_ARC = YES;
				CLANG_ENABLE_OBJC_WEAK = YES;
				CLANG_WARN_BLOCK_CAPTURE_AUTORELEASING = YES;
				CLANG_WARN_BOOL_CONVERSION = YES;
				CLANG_WARN_COMMA = YES;
				CLANG_WARN_CONSTANT_CONVERSION = YES;
				CLANG_WARN_DEPRECATED_OBJC_IMPLEMENTATIONS = YES;
				CLANG_WARN_DIRECT_OBJC_ISA_USAGE = YES_ERROR;
				CLANG_WARN_DOCUMENTATION_COMMENTS = YES;
				CLANG_WARN_EMPTY_BODY = YES;
				CLANG_WARN_ENUM_CONVERSION = YES;
				CLANG_WARN_INFINITE_RECURSION = YES;
				CLANG_WARN_INT_CONVERSION = YES;
				CLANG_WARN_NON_LITERAL_NULL_CONVERSION = YES;
				CLANG_WARN_OBJC_IMPLICIT_RETAIN_SELF = YES;
				CLANG_WARN_OBJC_LITERAL_CONVERSION = YES;
				CLANG_WARN_OBJC_ROOT_CLASS = YES_ERROR;
				CLANG_WARN_RANGE_LOOP_ANALYSIS = YES;
				CLANG_WARN_STRICT_PROTOTYPES = YES;
				CLANG_WARN_SUSPICIOUS_MOVE = YES;
				CLANG_WARN_UNGUARDED_AVAILABILITY = YES_AGGRESSIVE;
				CLANG_WARN_UNREACHABLE_CODE = YES;
				CLANG_WARN__DUPLICATE_METHOD_MATCH = YES;
				CODE_SIGN_IDENTITY = "iPhone Developer";
				COPY_PHASE_STRIP = NO;
				DEBUG_INFORMATION_FORMAT = dwarf;
				ENABLE_STRICT_OBJC_MSGSEND = YES;
				ENABLE_TESTABILITY = YES;
				GCC_C_LANGUAGE_STANDARD = gnu11;
				GCC_DYNAMIC_NO_PIC = NO;
				GCC_NO_COMMON_BLOCKS = YES;
				GCC_OPTIMIZATION_LEVEL = 0;
				GCC_PREPROCESSOR_DEFINITIONS = (
					"DEBUG=1",
					"$(inherited)",
				);
				GCC_WARN_64_TO_32_BIT_CONVERSION = YES;
				GCC_WARN_ABOUT_RETURN_TYPE = YES_ERROR;
				GCC_WARN_UNDECLARED_SELECTOR = YES;
				GCC_WARN_UNINITIALIZED_AUTOS = YES_AGGRESSIVE;
				GCC_WARN_UNUSED_FUNCTION = YES;
				GCC_WARN_UNUSED_VARIABLE = YES;
				IPHONEOS_DEPLOYMENT_TARGET = 12.1;
				MTL_ENABLE_DEBUG_INFO = INCLUDE_SOURCE;
				MTL_FAST_MATH = YES;
				ONLY_ACTIVE_ARCH = YES;
				SDKROOT = iphoneos;
				SWIFT_ACTIVE_COMPILATION_CONDITIONS = DEBUG;
				SWIFT_OPTIMIZATION_LEVEL = "-Onone";
			};
			name = Debug;
		};
		090B46F523347F5400EB7E0F /* Release */ = {
			isa = XCBuildConfiguration;
			buildSettings = {
				ALWAYS_SEARCH_USER_PATHS = NO;
				CLANG_ANALYZER_LOCALIZABILITY_NONLOCALIZED = YES;
				CLANG_ANALYZER_NONNULL = YES;
				CLANG_ANALYZER_NUMBER_OBJECT_CONVERSION = YES_AGGRESSIVE;
				CLANG_CXX_LANGUAGE_STANDARD = "gnu++14";
				CLANG_CXX_LIBRARY = "libc++";
				CLANG_ENABLE_MODULES = YES;
				CLANG_ENABLE_OBJC_ARC = YES;
				CLANG_ENABLE_OBJC_WEAK = YES;
				CLANG_WARN_BLOCK_CAPTURE_AUTORELEASING = YES;
				CLANG_WARN_BOOL_CONVERSION = YES;
				CLANG_WARN_COMMA = YES;
				CLANG_WARN_CONSTANT_CONVERSION = YES;
				CLANG_WARN_DEPRECATED_OBJC_IMPLEMENTATIONS = YES;
				CLANG_WARN_DIRECT_OBJC_ISA_USAGE = YES_ERROR;
				CLANG_WARN_DOCUMENTATION_COMMENTS = YES;
				CLANG_WARN_EMPTY_BODY = YES;
				CLANG_WARN_ENUM_CONVERSION = YES;
				CLANG_WARN_INFINITE_RECURSION = YES;
				CLANG_WARN_INT_CONVERSION = YES;
				CLANG_WARN_NON_LITERAL_NULL_CONVERSION = YES;
				CLANG_WARN_OBJC_IMPLICIT_RETAIN_SELF = YES;
				CLANG_WARN_OBJC_LITERAL_CONVERSION = YES;
				CLANG_WARN_OBJC_ROOT_CLASS = YES_ERROR;
				CLANG_WARN_RANGE_LOOP_ANALYSIS = YES;
				CLANG_WARN_STRICT_PROTOTYPES = YES;
				CLANG_WARN_SUSPICIOUS_MOVE = YES;
				CLANG_WARN_UNGUARDED_AVAILABILITY = YES_AGGRESSIVE;
				CLANG_WARN_UNREACHABLE_CODE = YES;
				CLANG_WARN__DUPLICATE_METHOD_MATCH = YES;
				CODE_SIGN_IDENTITY = "iPhone Developer";
				COPY_PHASE_STRIP = NO;
				DEBUG_INFORMATION_FORMAT = "dwarf-with-dsym";
				ENABLE_NS_ASSERTIONS = NO;
				ENABLE_STRICT_OBJC_MSGSEND = YES;
				GCC_C_LANGUAGE_STANDARD = gnu11;
				GCC_NO_COMMON_BLOCKS = YES;
				GCC_WARN_64_TO_32_BIT_CONVERSION = YES;
				GCC_WARN_ABOUT_RETURN_TYPE = YES_ERROR;
				GCC_WARN_UNDECLARED_SELECTOR = YES;
				GCC_WARN_UNINITIALIZED_AUTOS = YES_AGGRESSIVE;
				GCC_WARN_UNUSED_FUNCTION = YES;
				GCC_WARN_UNUSED_VARIABLE = YES;
				IPHONEOS_DEPLOYMENT_TARGET = 12.1;
				MTL_ENABLE_DEBUG_INFO = NO;
				MTL_FAST_MATH = YES;
				SDKROOT = iphoneos;
				SWIFT_COMPILATION_MODE = wholemodule;
				SWIFT_OPTIMIZATION_LEVEL = "-O";
				VALIDATE_PRODUCT = YES;
			};
			name = Release;
		};
		090B46F723347F5400EB7E0F /* Debug */ = {
			isa = XCBuildConfiguration;
			buildSettings = {
				ASSETCATALOG_COMPILER_APPICON_NAME = AppIcon;
				CODE_SIGN_STYLE = Automatic;
				DEVELOPMENT_TEAM = J52MQDAGS5;
				INFOPLIST_FILE = TestLanguage/Info.plist;
				LD_RUNPATH_SEARCH_PATHS = (
					"$(inherited)",
					"@executable_path/Frameworks",
				);
				PRODUCT_BUNDLE_IDENTIFIER = com.encodejsc.TestLanguage;
				PRODUCT_NAME = "$(TARGET_NAME)";
				SWIFT_VERSION = 4.2;
				TARGETED_DEVICE_FAMILY = "1,2";
			};
			name = Debug;
		};
		090B46F823347F5400EB7E0F /* Release */ = {
			isa = XCBuildConfiguration;
			buildSettings = {
				ASSETCATALOG_COMPILER_APPICON_NAME = AppIcon;
				CODE_SIGN_STYLE = Automatic;
				DEVELOPMENT_TEAM = J52MQDAGS5;
				INFOPLIST_FILE = TestLanguage/Info.plist;
				LD_RUNPATH_SEARCH_PATHS = (
					"$(inherited)",
					"@executable_path/Frameworks",
				);
				PRODUCT_BUNDLE_IDENTIFIER = com.encodejsc.TestLanguage;
				PRODUCT_NAME = "$(TARGET_NAME)";
				SWIFT_VERSION = 4.2;
				TARGETED_DEVICE_FAMILY = "1,2";
			};
			name = Release;
		};
/* End XCBuildConfiguration section */

/* Begin XCConfigurationList section */
		090B46DF23347F5300EB7E0F /* Build configuration list for PBXProject "TestLanguage" */ = {
			isa = XCConfigurationList;
			buildConfigurations = (
				090B46F423347F5400EB7E0F /* Debug */,
				090B46F523347F5400EB7E0F /* Release */,
			);
			defaultConfigurationIsVisible = 0;
			defaultConfigurationName = Release;
		};
		090B46F623347F5400EB7E0F /* Build configuration list for PBXNativeTarget "TestLanguage" */ = {
			isa = XCConfigurationList;
			buildConfigurations = (
				090B46F723347F5400EB7E0F /* Debug */,
				090B46F823347F5400EB7E0F /* Release */,
			);
			defaultConfigurationIsVisible = 0;
			defaultConfigurationName = Release;
		};
/* End XCConfigurationList section */
	};
	rootObject = 090B46DC23347F5300EB7E0F /* Project object */;
}
